
Microsoft Visual Studio Solution File, Format Version 12.00
# Visual Studio Version 17
VisualStudioVersion = 17.12.35707.178
MinimumVisualStudioVersion = 10.0.40219.1
Project("{FAE04EC0-301F-11D3-BF4B-00C04F79EFBC}") = "PetProfileManagementBackend", "PetProfileManagementBackend\PetProfileManagementBackend.csproj", "{A8138ED1-0698-4792-9A38-BD4BACAFDB6A}"
EndProject
Project("{FAE04EC0-301F-11D3-BF4B-00C04F79EFBC}") = "PetProfileManagementFrontend", "PetProfileManagementFrontend\PetProfileManagementFrontend.csproj", "{217B6B62-407E-4B15-B253-F68FDAF8BF38}"
EndProject
Project("{2150E333-8FDC-42A3-9474-1A3956D46DE8}") = "Git Ignore File", "Git Ignore File", "{EE5DC121-9D77-4496-A5D5-D5AAC141A2BD}"
	ProjectSection(SolutionItems) = preProject
		.gitignore = .gitignore
	EndProjectSection
EndProject
Project("{FAE04EC0-301F-11D3-BF4B-00C04F79EFBC}") = "PetProfileManagementBackend.Tests", "PetProfileManagementBackend.Tests\PetProfileManagementBackend.Tests.csproj", "{F11ED087-610C-47C8-9A7E-E65CA6F1711E}"
EndProject
Project("{2150E333-8FDC-42A3-9474-1A3956D46DE8}") = ".github", ".github", "{28BEF238-5D85-40A7-9776-B30267C889A0}"
EndProject
Project("{2150E333-8FDC-42A3-9474-1A3956D46DE8}") = "workflows", "workflows", "{CCF458F5-7324-47A1-A6C7-4A29655DD826}"
	ProjectSection(SolutionItems) = preProject
		main.yml = main.yml
	EndProjectSection
EndProject
Global
	GlobalSection(SolutionConfigurationPlatforms) = preSolution
		Debug|Any CPU = Debug|Any CPU
		Release|Any CPU = Release|Any CPU
	EndGlobalSection
	GlobalSection(ProjectConfigurationPlatforms) = postSolution
		{A8138ED1-0698-4792-9A38-BD4BACAFDB6A}.Debug|Any CPU.ActiveCfg = Debug|Any CPU
		{A8138ED1-0698-4792-9A38-BD4BACAFDB6A}.Debug|Any CPU.Build.0 = Debug|Any CPU
		{A8138ED1-0698-4792-9A38-BD4BACAFDB6A}.Release|Any CPU.ActiveCfg = Release|Any CPU
		{A8138ED1-0698-4792-9A38-BD4BACAFDB6A}.Release|Any CPU.Build.0 = Release|Any CPU
		{217B6B62-407E-4B15-B253-F68FDAF8BF38}.Debug|Any CPU.ActiveCfg = Debug|Any CPU
		{217B6B62-407E-4B15-B253-F68FDAF8BF38}.Debug|Any CPU.Build.0 = Debug|Any CPU
		{217B6B62-407E-4B15-B253-F68FDAF8BF38}.Release|Any CPU.ActiveCfg = Release|Any CPU
		{217B6B62-407E-4B15-B253-F68FDAF8BF38}.Release|Any CPU.Build.0 = Release|Any CPU
		{F11ED087-610C-47C8-9A7E-E65CA6F1711E}.Debug|Any CPU.ActiveCfg = Debug|Any CPU
		{F11ED087-610C-47C8-9A7E-E65CA6F1711E}.Debug|Any CPU.Build.0 = Debug|Any CPU
		{F11ED087-610C-47C8-9A7E-E65CA6F1711E}.Release|Any CPU.ActiveCfg = Release|Any CPU
		{F11ED087-610C-47C8-9A7E-E65CA6F1711E}.Release|Any CPU.Build.0 = Release|Any CPU
	EndGlobalSection
	GlobalSection(SolutionProperties) = preSolution
		HideSolutionNode = FALSE
	EndGlobalSection
	GlobalSection(NestedProjects) = preSolution
		{CCF458F5-7324-47A1-A6C7-4A29655DD826} = {28BEF238-5D85-40A7-9776-B30267C889A0}
	EndGlobalSection
	GlobalSection(ExtensibilityGlobals) = postSolution
		SolutionGuid = {ED1F96BA-154E-4BF5-B97E-793029001D24}
	EndGlobalSection
EndGlobal
